[[package]]
name = "bitflags"
version = "1.0.3"
source = "registry+https://github.com/rust-lang/crates.io-index"

[[package]]
name = "database"
version = "0.1.0"
dependencies = [
 "bitflags 1.0.3 (registry+https://github.com/rust-lang/crates.io-index)",
 "uri 0.1.0",
]

[[package]]
name = "thread_pool"
version = "0.1.0"

[[package]]
name = "uri"
version = "0.1.0"

[[package]]
name = "web_server"
version = "0.1.0"
dependencies = [
 "thread_pool 0.1.0",
 "uri 0.1.0",
]

[metadata]
"checksum bitflags 1.0.3 (registry+https://github.com/rust-lang/crates.io-index)" = "d0c54bb8f454c567f21197eefcdbf5679d0bd99f2ddbe52e84c77061952e6789"
